
Microsoft Visual Studio Solution File, Format Version 12.00
# Visual Studio Version 17
VisualStudioVersion = 17.6.33829.357
MinimumVisualStudioVersion = 10.0.40219.1
Project("{FAE04EC0-301F-11D3-BF4B-00C04F79EFBC}") = "ServerRoomSensorAPI", "ServerRoomSensorAPI\ServerRoomSensorAPI.csproj", "{FD11D1D7-5EB9-475B-B094-3528851CC351}"
EndProject
Global
	GlobalSection(SolutionConfigurationPlatforms) = preSolution
		Debug|Any CPU = Debug|Any CPU
		Release|Any CPU = Release|Any CPU
	EndGlobalSection
	GlobalSection(ProjectConfigurationPlatforms) = postSolution
		{FD11D1D7-5EB9-475B-B094-3528851CC351}.Debug|Any CPU.ActiveCfg = Debug|Any CPU
		{FD11D1D7-5EB9-475B-B094-3528851CC351}.Debug|Any CPU.Build.0 = Debug|Any CPU
		{FD11D1D7-5EB9-475B-B094-3528851CC351}.Release|Any CPU.ActiveCfg = Release|Any CPU
		{FD11D1D7-5EB9-475B-B094-3528851CC351}.Release|Any CPU.Build.0 = Release|Any CPU
	EndGlobalSection
	GlobalSection(SolutionProperties) = preSolution
		HideSolutionNode = FALSE
	EndGlobalSection
	GlobalSection(ExtensibilityGlobals) = postSolution
		SolutionGuid = {E39D409E-46D3-43BE-9529-D33CAAD1713D}
	EndGlobalSection
EndGlobal
